
Microsoft Visual Studio Solution File, Format Version 12.00
# Visual Studio Version 17
VisualStudioVersion = 17.9.34616.47
MinimumVisualStudioVersion = 10.0.40219.1
Project("{9A19103F-16F7-4668-BE54-9A1E7A4F7556}") = "prjLionMVC", "prjLionMVC\prjLionMVC.csproj", "{F2D5F4E9-872F-4C64-944F-4382AD32D896}"
EndProject
Project("{FAE04EC0-301F-11D3-BF4B-00C04F79EFBC}") = "prjLion.WebAPI", "prjLion.WebAPI\prjLion.WebAPI.csproj", "{DF0D765B-7323-4206-9711-3C50C5CAEE0F}"
EndProject
Project("{FAE04EC0-301F-11D3-BF4B-00C04F79EFBC}") = "prjLion.Repository", "prjLion.Repository\prjLion.Repository.csproj", "{AAA35CB1-9531-40EB-BA7D-1FB03580A9DD}"
EndProject
Project("{FAE04EC0-301F-11D3-BF4B-00C04F79EFBC}") = "prjLion.Service", "prjLion.Service\prjLion.Service.csproj", "{D6A7ED04-0EE5-4EAE-B5AC-ED6018DDF8D7}"
EndProject
Project("{FAE04EC0-301F-11D3-BF4B-00C04F79EFBC}") = "prjLion.Common", "prjLion.Common\prjLion.Common.csproj", "{9AB4122A-162A-43EB-8E50-7B5843E113B0}"
EndProject
Global
	GlobalSection(SolutionConfigurationPlatforms) = preSolution
		Debug|Any CPU = Debug|Any CPU
		Release|Any CPU = Release|Any CPU
	EndGlobalSection
	GlobalSection(ProjectConfigurationPlatforms) = postSolution
		{F2D5F4E9-872F-4C64-944F-4382AD32D896}.Debug|Any CPU.ActiveCfg = Debug|Any CPU
		{F2D5F4E9-872F-4C64-944F-4382AD32D896}.Debug|Any CPU.Build.0 = Debug|Any CPU
		{F2D5F4E9-872F-4C64-944F-4382AD32D896}.Release|Any CPU.ActiveCfg = Release|Any CPU
		{F2D5F4E9-872F-4C64-944F-4382AD32D896}.Release|Any CPU.Build.0 = Release|Any CPU
		{DF0D765B-7323-4206-9711-3C50C5CAEE0F}.Debug|Any CPU.ActiveCfg = Debug|Any CPU
		{DF0D765B-7323-4206-9711-3C50C5CAEE0F}.Debug|Any CPU.Build.0 = Debug|Any CPU
		{DF0D765B-7323-4206-9711-3C50C5CAEE0F}.Release|Any CPU.ActiveCfg = Release|Any CPU
		{DF0D765B-7323-4206-9711-3C50C5CAEE0F}.Release|Any CPU.Build.0 = Release|Any CPU
		{AAA35CB1-9531-40EB-BA7D-1FB03580A9DD}.Debug|Any CPU.ActiveCfg = Debug|Any CPU
		{AAA35CB1-9531-40EB-BA7D-1FB03580A9DD}.Debug|Any CPU.Build.0 = Debug|Any CPU
		{AAA35CB1-9531-40EB-BA7D-1FB03580A9DD}.Release|Any CPU.ActiveCfg = Release|Any CPU
		{AAA35CB1-9531-40EB-BA7D-1FB03580A9DD}.Release|Any CPU.Build.0 = Release|Any CPU
		{D6A7ED04-0EE5-4EAE-B5AC-ED6018DDF8D7}.Debug|Any CPU.ActiveCfg = Debug|Any CPU
		{D6A7ED04-0EE5-4EAE-B5AC-ED6018DDF8D7}.Debug|Any CPU.Build.0 = Debug|Any CPU
		{D6A7ED04-0EE5-4EAE-B5AC-ED6018DDF8D7}.Release|Any CPU.ActiveCfg = Release|Any CPU
		{D6A7ED04-0EE5-4EAE-B5AC-ED6018DDF8D7}.Release|Any CPU.Build.0 = Release|Any CPU
		{9AB4122A-162A-43EB-8E50-7B5843E113B0}.Debug|Any CPU.ActiveCfg = Debug|Any CPU
		{9AB4122A-162A-43EB-8E50-7B5843E113B0}.Debug|Any CPU.Build.0 = Debug|Any CPU
		{9AB4122A-162A-43EB-8E50-7B5843E113B0}.Release|Any CPU.ActiveCfg = Release|Any CPU
		{9AB4122A-162A-43EB-8E50-7B5843E113B0}.Release|Any CPU.Build.0 = Release|Any CPU
	EndGlobalSection
	GlobalSection(SolutionProperties) = preSolution
		HideSolutionNode = FALSE
	EndGlobalSection
	GlobalSection(ExtensibilityGlobals) = postSolution
		SolutionGuid = {C7845663-B26D-4981-9736-B1D39C6B97A0}
	EndGlobalSection
EndGlobal
